// !$*UTF8*$!
{
	archiveVersion = 1;
	classes = {
	};
	objectVersion = 51;
	objects = {

/* Begin PBXBuildFile section */
		17F7E85C85FDAACFB9CD0BA5 /* Pods_RestuarentApp.framework in Frameworks */ = {isa = PBXBuildFile; fileRef = 33D3A8E03B930A01934939F7 /* Pods_RestuarentApp.framework */; };
		6F12CC8426108AD100864061 /* Box.swift in Sources */ = {isa = PBXBuildFile; fileRef = 6F12CC8326108AD100864061 /* Box.swift */; };
		6F12CC8926108BF800864061 /* HomeViewModel.swift in Sources */ = {isa = PBXBuildFile; fileRef = 6F12CC8826108BF800864061 /* HomeViewModel.swift */; };
		6F12CC9D2610902800864061 /* OrderDetailsViewModel.swift in Sources */ = {isa = PBXBuildFile; fileRef = 6F12CC9C2610902800864061 /* OrderDetailsViewModel.swift */; };
		6F12CCA42610996600864061 /* FavouriteViewModel.swift in Sources */ = {isa = PBXBuildFile; fileRef = 6F12CCA32610996600864061 /* FavouriteViewModel.swift */; };
		6F12CCA72610997700864061 /* CartViewModel.swift in Sources */ = {isa = PBXBuildFile; fileRef = 6F12CCA62610997700864061 /* CartViewModel.swift */; };
		6F583A75260B630800A3359E /* DataAccess.swift in Sources */ = {isa = PBXBuildFile; fileRef = 6F583A74260B630800A3359E /* DataAccess.swift */; };
		6F583A78260B636D00A3359E /* Item.swift in Sources */ = {isa = PBXBuildFile; fileRef = 6F583A77260B636D00A3359E /* Item.swift */; };
		6F583A83260CA87600A3359E /* CartViewController.swift in Sources */ = {isa = PBXBuildFile; fileRef = 6F583A82260CA87600A3359E /* CartViewController.swift */; };
		6F583A86260CB78800A3359E /* FavouriteViewController.swift in Sources */ = {isa = PBXBuildFile; fileRef = 6F583A85260CB78800A3359E /* FavouriteViewController.swift */; };
		6F583AB2260CC57F00A3359E /* FavouriteTableViewCell.swift in Sources */ = {isa = PBXBuildFile; fileRef = 6F583AB1260CC57F00A3359E /* FavouriteTableViewCell.swift */; };
		6FEB5862260D0FBC0041915E /* CartTableViewCell.swift in Sources */ = {isa = PBXBuildFile; fileRef = 6FEB5861260D0FBC0041915E /* CartTableViewCell.swift */; };
		6FF1B378260A29110095DE76 /* AppDelegate.swift in Sources */ = {isa = PBXBuildFile; fileRef = 6FF1B377260A29110095DE76 /* AppDelegate.swift */; };
		6FF1B37A260A29110095DE76 /* SceneDelegate.swift in Sources */ = {isa = PBXBuildFile; fileRef = 6FF1B379260A29110095DE76 /* SceneDelegate.swift */; };
		6FF1B37C260A29110095DE76 /* HomeViewController.swift in Sources */ = {isa = PBXBuildFile; fileRef = 6FF1B37B260A29110095DE76 /* HomeViewController.swift */; };
		6FF1B37F260A29110095DE76 /* Main.storyboard in Resources */ = {isa = PBXBuildFile; fileRef = 6FF1B37D260A29110095DE76 /* Main.storyboard */; };
		6FF1B381260A29160095DE76 /* Assets.xcassets in Resources */ = {isa = PBXBuildFile; fileRef = 6FF1B380260A29160095DE76 /* Assets.xcassets */; };
		6FF1B384260A29160095DE76 /* LaunchScreen.storyboard in Resources */ = {isa = PBXBuildFile; fileRef = 6FF1B382260A29160095DE76 /* LaunchScreen.storyboard */; };
		6FF1B392260A492C0095DE76 /* HomeTableViewCell.swift in Sources */ = {isa = PBXBuildFile; fileRef = 6FF1B391260A492C0095DE76 /* HomeTableViewCell.swift */; };
		6FF1B395260A662A0095DE76 /* UIViewExt.swift in Sources */ = {isa = PBXBuildFile; fileRef = 6FF1B394260A662A0095DE76 /* UIViewExt.swift */; };
		6FF1B398260A688E0095DE76 /* Constants.swift in Sources */ = {isa = PBXBuildFile; fileRef = 6FF1B397260A688E0095DE76 /* Constants.swift */; };
		6FF1B39B260A69770095DE76 /* OrderDetailViewController.swift in Sources */ = {isa = PBXBuildFile; fileRef = 6FF1B39A260A69770095DE76 /* OrderDetailViewController.swift */; };
/* End PBXBuildFile section */

/* Begin PBXFileReference section */
		33D3A8E03B930A01934939F7 /* Pods_RestuarentApp.framework */ = {isa = PBXFileReference; explicitFileType = wrapper.framework; includeInIndex = 0; path = Pods_RestuarentApp.framework; sourceTree = BUILT_PRODUCTS_DIR; };
		5D5CE2DBED6F91EBF637D237 /* Pods-RestuarentApp.debug.xcconfig */ = {isa = PBXFileReference; includeInIndex = 1; lastKnownFileType = text.xcconfig; name = "Pods-RestuarentApp.debug.xcconfig"; path = "Target Support Files/Pods-RestuarentApp/Pods-RestuarentApp.debug.xcconfig"; sourceTree = "<group>"; };
		6F12CC8326108AD100864061 /* Box.swift */ = {isa = PBXFileReference; lastKnownFileType = sourcecode.swift; path = Box.swift; sourceTree = "<group>"; };
		6F12CC8826108BF800864061 /* HomeViewModel.swift */ = {isa = PBXFileReference; lastKnownFileType = sourcecode.swift; path = HomeViewModel.swift; sourceTree = "<group>"; };
		6F12CC9C2610902800864061 /* OrderDetailsViewModel.swift */ = {isa = PBXFileReference; lastKnownFileType = sourcecode.swift; path = OrderDetailsViewModel.swift; sourceTree = "<group>"; };
		6F12CCA32610996600864061 /* FavouriteViewModel.swift */ = {isa = PBXFileReference; lastKnownFileType = sourcecode.swift; path = FavouriteViewModel.swift; sourceTree = "<group>"; };
		6F12CCA62610997700864061 /* CartViewModel.swift */ = {isa = PBXFileReference; lastKnownFileType = sourcecode.swift; name = CartViewModel.swift; path = RestuarentApp/FavouriteList/CartViewModel.swift; sourceTree = SOURCE_ROOT; };
		6F583A74260B630800A3359E /* DataAccess.swift */ = {isa = PBXFileReference; lastKnownFileType = sourcecode.swift; path = DataAccess.swift; sourceTree = "<group>"; };
		6F583A77260B636D00A3359E /* Item.swift */ = {isa = PBXFileReference; lastKnownFileType = sourcecode.swift; path = Item.swift; sourceTree = "<group>"; };
		6F583A82260CA87600A3359E /* CartViewController.swift */ = {isa = PBXFileReference; lastKnownFileType = sourcecode.swift; path = CartViewController.swift; sourceTree = "<group>"; };
		6F583A85260CB78800A3359E /* FavouriteViewController.swift */ = {isa = PBXFileReference; lastKnownFileType = sourcecode.swift; path = FavouriteViewController.swift; sourceTree = "<group>"; };
		6F583AB1260CC57F00A3359E /* FavouriteTableViewCell.swift */ = {isa = PBXFileReference; lastKnownFileType = sourcecode.swift; path = FavouriteTableViewCell.swift; sourceTree = "<group>"; };
		6FEB5861260D0FBC0041915E /* CartTableViewCell.swift */ = {isa = PBXFileReference; lastKnownFileType = sourcecode.swift; path = CartTableViewCell.swift; sourceTree = "<group>"; };
		6FF1B374260A29110095DE76 /* RestuarentApp.app */ = {isa = PBXFileReference; explicitFileType = wrapper.application; includeInIndex = 0; path = RestuarentApp.app; sourceTree = BUILT_PRODUCTS_DIR; };
		6FF1B377260A29110095DE76 /* AppDelegate.swift */ = {isa = PBXFileReference; lastKnownFileType = sourcecode.swift; path = AppDelegate.swift; sourceTree = "<group>"; };
		6FF1B379260A29110095DE76 /* SceneDelegate.swift */ = {isa = PBXFileReference; lastKnownFileType = sourcecode.swift; path = SceneDelegate.swift; sourceTree = "<group>"; };
		6FF1B37B260A29110095DE76 /* HomeViewController.swift */ = {isa = PBXFileReference; lastKnownFileType = sourcecode.swift; path = HomeViewController.swift; sourceTree = "<group>"; };
		6FF1B37E260A29110095DE76 /* Base */ = {isa = PBXFileReference; lastKnownFileType = file.storyboard; name = Base; path = Base.lproj/Main.storyboard; sourceTree = "<group>"; };
		6FF1B380260A29160095DE76 /* Assets.xcassets */ = {isa = PBXFileReference; lastKnownFileType = folder.assetcatalog; path = Assets.xcassets; sourceTree = "<group>"; };
		6FF1B383260A29160095DE76 /* Base */ = {isa = PBXFileReference; lastKnownFileType = file.storyboard; name = Base; path = Base.lproj/LaunchScreen.storyboard; sourceTree = "<group>"; };
		6FF1B385260A29160095DE76 /* Info.plist */ = {isa = PBXFileReference; lastKnownFileType = text.plist.xml; path = Info.plist; sourceTree = "<group>"; };
		6FF1B391260A492C0095DE76 /* HomeTableViewCell.swift */ = {isa = PBXFileReference; lastKnownFileType = sourcecode.swift; path = HomeTableViewCell.swift; sourceTree = "<group>"; };
		6FF1B394260A662A0095DE76 /* UIViewExt.swift */ = {isa = PBXFileReference; lastKnownFileType = sourcecode.swift; path = UIViewExt.swift; sourceTree = "<group>"; };
		6FF1B397260A688E0095DE76 /* Constants.swift */ = {isa = PBXFileReference; lastKnownFileType = sourcecode.swift; path = Constants.swift; sourceTree = "<group>"; };
		6FF1B39A260A69770095DE76 /* OrderDetailViewController.swift */ = {isa = PBXFileReference; lastKnownFileType = sourcecode.swift; path = OrderDetailViewController.swift; sourceTree = "<group>"; };
		E5BA284D553B25C00315E891 /* Pods-RestuarentApp.release.xcconfig */ = {isa = PBXFileReference; includeInIndex = 1; lastKnownFileType = text.xcconfig; name = "Pods-RestuarentApp.release.xcconfig"; path = "Target Support Files/Pods-RestuarentApp/Pods-RestuarentApp.release.xcconfig"; sourceTree = "<group>"; };
/* End PBXFileReference section */

/* Begin PBXFrameworksBuildPhase section */
		6FF1B371260A29110095DE76 /* Frameworks */ = {
			isa = PBXFrameworksBuildPhase;
			buildActionMask = 2147483647;
			files = (
				17F7E85C85FDAACFB9CD0BA5 /* Pods_RestuarentApp.framework in Frameworks */,
			);
			runOnlyForDeploymentPostprocessing = 0;
		};
/* End PBXFrameworksBuildPhase section */

/* Begin PBXGroup section */
		27DECECEBBB04687E50BCE8A /* Frameworks */ = {
			isa = PBXGroup;
			children = (
				33D3A8E03B930A01934939F7 /* Pods_RestuarentApp.framework */,
			);
			name = Frameworks;
			sourceTree = "<group>";
		};
		6F12CC8126108A7100864061 /* Storyboards */ = {
			isa = PBXGroup;
			children = (
				6FF1B37D260A29110095DE76 /* Main.storyboard */,
				6FF1B382260A29160095DE76 /* LaunchScreen.storyboard */,
			);
			path = Storyboards;
			sourceTree = "<group>";
		};
		6F12CC8226108AB900864061 /* Utility */ = {
			isa = PBXGroup;
			children = (
				6F12CC8326108AD100864061 /* Box.swift */,
			);
			path = Utility;
			sourceTree = "<group>";
		};
		6F12CC9826108F8A00864061 /* Cells */ = {
			isa = PBXGroup;
			children = (
				6FF1B391260A492C0095DE76 /* HomeTableViewCell.swift */,
				6F583AB1260CC57F00A3359E /* FavouriteTableViewCell.swift */,
				6FEB5861260D0FBC0041915E /* CartTableViewCell.swift */,
			);
			path = Cells;
			sourceTree = "<group>";
		};
		6F12CC9A26108FCF00864061 /* Home */ = {
			isa = PBXGroup;
			children = (
				6FF1B37B260A29110095DE76 /* HomeViewController.swift */,
				6F12CC8826108BF800864061 /* HomeViewModel.swift */,
			);
			path = Home;
			sourceTree = "<group>";
		};
		6F12CC9B26108FFC00864061 /* orderDetails */ = {
			isa = PBXGroup;
			children = (
				6FF1B39A260A69770095DE76 /* OrderDetailViewController.swift */,
				6F12CC9C2610902800864061 /* OrderDetailsViewModel.swift */,
			);
			path = orderDetails;
			sourceTree = "<group>";
		};
		6F12CC9F2610904200864061 /* FavouriteList */ = {
			isa = PBXGroup;
			children = (
				6F583A85260CB78800A3359E /* FavouriteViewController.swift */,
				6F12CCA32610996600864061 /* FavouriteViewModel.swift */,
			);
			path = FavouriteList;
			sourceTree = "<group>";
		};
		6F12CCA02610908500864061 /* Cart */ = {
			isa = PBXGroup;
			children = (
				6F583A82260CA87600A3359E /* CartViewController.swift */,
				6F12CCA62610997700864061 /* CartViewModel.swift */,
			);
			path = Cart;
			sourceTree = "<group>";
		};
		6F583A7E260CA5F800A3359E /* Delegates */ = {
			isa = PBXGroup;
			children = (
				6FF1B377260A29110095DE76 /* AppDelegate.swift */,
				6FF1B379260A29110095DE76 /* SceneDelegate.swift */,
			);
			path = Delegates;
			sourceTree = "<group>";
		};
		6F583A7F260CA62400A3359E /* Model */ = {
			isa = PBXGroup;
			children = (
				6F583A77260B636D00A3359E /* Item.swift */,
				6F583A74260B630800A3359E /* DataAccess.swift */,
			);
			path = Model;
			sourceTree = "<group>";
		};
		6F583A80260CA66400A3359E /* ViewsExtensions */ = {
			isa = PBXGroup;
			children = (
				6FF1B394260A662A0095DE76 /* UIViewExt.swift */,
			);
			path = ViewsExtensions;
			sourceTree = "<group>";
		};
		6FF1B36B260A29110095DE76 = {
			isa = PBXGroup;
			children = (
				6FF1B376260A29110095DE76 /* RestuarentApp */,
				6FF1B375260A29110095DE76 /* Products */,
				8654C7FE01AC52F1C01F13C2 /* Pods */,
				27DECECEBBB04687E50BCE8A /* Frameworks */,
			);
			sourceTree = "<group>";
		};
		6FF1B375260A29110095DE76 /* Products */ = {
			isa = PBXGroup;
			children = (
				6FF1B374260A29110095DE76 /* RestuarentApp.app */,
			);
			name = Products;
			sourceTree = "<group>";
		};
		6FF1B376260A29110095DE76 /* RestuarentApp */ = {
			isa = PBXGroup;
			children = (
				6F583A7F260CA62400A3359E /* Model */,
				6F583A7E260CA5F800A3359E /* Delegates */,
				6F12CC8126108A7100864061 /* Storyboards */,
				6F12CC9826108F8A00864061 /* Cells */,
				6F12CC9A26108FCF00864061 /* Home */,
				6F12CC9B26108FFC00864061 /* orderDetails */,
				6F12CC9F2610904200864061 /* FavouriteList */,
				6F12CCA02610908500864061 /* Cart */,
				6F583A80260CA66400A3359E /* ViewsExtensions */,
				6F12CC8226108AB900864061 /* Utility */,
				6FF1B397260A688E0095DE76 /* Constants.swift */,
				6FF1B380260A29160095DE76 /* Assets.xcassets */,
				6FF1B385260A29160095DE76 /* Info.plist */,
			);
			path = RestuarentApp;
			sourceTree = "<group>";
		};
		8654C7FE01AC52F1C01F13C2 /* Pods */ = {
			isa = PBXGroup;
			children = (
				5D5CE2DBED6F91EBF637D237 /* Pods-RestuarentApp.debug.xcconfig */,
				E5BA284D553B25C00315E891 /* Pods-RestuarentApp.release.xcconfig */,
			);
			path = Pods;
			sourceTree = "<group>";
		};
/* End PBXGroup section */

/* Begin PBXNativeTarget section */
		6FF1B373260A29110095DE76 /* RestuarentApp */ = {
			isa = PBXNativeTarget;
			buildConfigurationList = 6FF1B388260A29160095DE76 /* Build configuration list for PBXNativeTarget "RestuarentApp" */;
			buildPhases = (
				5563DF201CD3CD99F805F4EE /* [CP] Check Pods Manifest.lock */,
				6FF1B370260A29110095DE76 /* Sources */,
				6FF1B371260A29110095DE76 /* Frameworks */,
				6FF1B372260A29110095DE76 /* Resources */,
				B6F9420F796EDB4C37D13221 /* [CP] Embed Pods Frameworks */,
			);
			buildRules = (
			);
			dependencies = (
			);
			name = RestuarentApp;
			productName = RestuarentApp;
			productReference = 6FF1B374260A29110095DE76 /* RestuarentApp.app */;
			productType = "com.apple.product-type.application";
		};
/* End PBXNativeTarget section */

/* Begin PBXProject section */
		6FF1B36C260A29110095DE76 /* Project object */ = {
			isa = PBXProject;
			attributes = {
				LastSwiftUpdateCheck = 1240;
				LastUpgradeCheck = 1240;
				TargetAttributes = {
					6FF1B373260A29110095DE76 = {
						CreatedOnToolsVersion = 12.4;
					};
				};
			};
			buildConfigurationList = 6FF1B36F260A29110095DE76 /* Build configuration list for PBXProject "RestuarentApp" */;
			compatibilityVersion = "Xcode 9.3";
			developmentRegion = en;
			hasScannedForEncodings = 0;
			knownRegions = (
				en,
				Base,
			);
			mainGroup = 6FF1B36B260A29110095DE76;
			productRefGroup = 6FF1B375260A29110095DE76 /* Products */;
			projectDirPath = "";
			projectRoot = "";
			targets = (
				6FF1B373260A29110095DE76 /* RestuarentApp */,
			);
		};
/* End PBXProject section */

/* Begin PBXResourcesBuildPhase section */
		6FF1B372260A29110095DE76 /* Resources */ = {
			isa = PBXResourcesBuildPhase;
			buildActionMask = 2147483647;
			files = (
				6FF1B384260A29160095DE76 /* LaunchScreen.storyboard in Resources */,
				6FF1B381260A29160095DE76 /* Assets.xcassets in Resources */,
				6FF1B37F260A29110095DE76 /* Main.storyboard in Resources */,
			);
			runOnlyForDeploymentPostprocessing = 0;
		};
/* End PBXResourcesBuildPhase section */

/* Begin PBXShellScriptBuildPhase section */
		5563DF201CD3CD99F805F4EE /* [CP] Check Pods Manifest.lock */ = {
			isa = PBXShellScriptBuildPhase;
			buildActionMask = 2147483647;
			files = (
			);
			inputFileListPaths = (
			);
			inputPaths = (
				"${PODS_PODFILE_DIR_PATH}/Podfile.lock",
				"${PODS_ROOT}/Manifest.lock",
			);
			name = "[CP] Check Pods Manifest.lock";
			outputFileListPaths = (
			);
			outputPaths = (
				"$(DERIVED_FILE_DIR)/Pods-RestuarentApp-checkManifestLockResult.txt",
			);
			runOnlyForDeploymentPostprocessing = 0;
			shellPath = /bin/sh;
			shellScript = "diff \"${PODS_PODFILE_DIR_PATH}/Podfile.lock\" \"${PODS_ROOT}/Manifest.lock\" > /dev/null\nif [ $? != 0 ] ; then\n    # print error to STDERR\n    echo \"error: The sandbox is not in sync with the Podfile.lock. Run 'pod install' or update your CocoaPods installation.\" >&2\n    exit 1\nfi\n# This output is used by Xcode 'outputs' to avoid re-running this script phase.\necho \"SUCCESS\" > \"${SCRIPT_OUTPUT_FILE_0}\"\n";
			showEnvVarsInLog = 0;
		};
		B6F9420F796EDB4C37D13221 /* [CP] Embed Pods Frameworks */ = {
			isa = PBXShellScriptBuildPhase;
			buildActionMask = 2147483647;
			files = (
			);
			inputFileListPaths = (
				"${PODS_ROOT}/Target Support Files/Pods-RestuarentApp/Pods-RestuarentApp-frameworks-${CONFIGURATION}-input-files.xcfilelist",
			);
			name = "[CP] Embed Pods Frameworks";
			outputFileListPaths = (
				"${PODS_ROOT}/Target Support Files/Pods-RestuarentApp/Pods-RestuarentApp-frameworks-${CONFIGURATION}-output-files.xcfilelist",
			);
			runOnlyForDeploymentPostprocessing = 0;
			shellPath = /bin/sh;
			shellScript = "\"${PODS_ROOT}/Target Support Files/Pods-RestuarentApp/Pods-RestuarentApp-frameworks.sh\"\n";
			showEnvVarsInLog = 0;
		};
/* End PBXShellScriptBuildPhase section */

/* Begin PBXSourcesBuildPhase section */
		6FF1B370260A29110095DE76 /* Sources */ = {
			isa = PBXSourcesBuildPhase;
			buildActionMask = 2147483647;
			files = (
				6FF1B37C260A29110095DE76 /* HomeViewController.swift in Sources */,
				6F583A78260B636D00A3359E /* Item.swift in Sources */,
				6F12CCA42610996600864061 /* FavouriteViewModel.swift in Sources */,
				6FF1B378260A29110095DE76 /* AppDelegate.swift in Sources */,
				6F12CC8926108BF800864061 /* HomeViewModel.swift in Sources */,
				6FF1B392260A492C0095DE76 /* HomeTableViewCell.swift in Sources */,
				6F12CCA72610997700864061 /* CartViewModel.swift in Sources */,
				6FF1B395260A662A0095DE76 /* UIViewExt.swift in Sources */,
				6FF1B37A260A29110095DE76 /* SceneDelegate.swift in Sources */,
				6F583A75260B630800A3359E /* DataAccess.swift in Sources */,
				6F583A83260CA87600A3359E /* CartViewController.swift in Sources */,
				6FF1B398260A688E0095DE76 /* Constants.swift in Sources */,
				6F12CC8426108AD100864061 /* Box.swift in Sources */,
				6FF1B39B260A69770095DE76 /* OrderDetailViewController.swift in Sources */,
				6F583AB2260CC57F00A3359E /* FavouriteTableViewCell.swift in Sources */,
				6F12CC9D2610902800864061 /* OrderDetailsViewModel.swift in Sources */,
				6FEB5862260D0FBC0041915E /* CartTableViewCell.swift in Sources */,
				6F583A86260CB78800A3359E /* FavouriteViewController.swift in Sources */,
			);
			runOnlyForDeploymentPostprocessing = 0;
		};
/* End PBXSourcesBuildPhase section */

/* Begin PBXVariantGroup section */
		6FF1B37D260A29110095DE76 /* Main.storyboard */ = {
			isa = PBXVariantGroup;
			children = (
				6FF1B37E260A29110095DE76 /* Base */,
			);
			name = Main.storyboard;
			sourceTree = "<group>";
		};
		6FF1B382260A29160095DE76 /* LaunchScreen.storyboard */ = {
			isa = PBXVariantGroup;
			children = (
				6FF1B383260A29160095DE76 /* Base */,
			);
			name = LaunchScreen.storyboard;
			sourceTree = "<group>";
		};
/* End PBXVariantGroup section */

/* Begin XCBuildConfiguration section */
		6FF1B386260A29160095DE76 /* Debug */ = {
			isa = XCBuildConfiguration;
			buildSettings = {
				ALWAYS_SEARCH_USER_PATHS = NO;
				CLANG_ANALYZER_NONNULL = YES;
				CLANG_ANALYZER_NUMBER_OBJECT_CONVERSION = YES_AGGRESSIVE;
				CLANG_CXX_LANGUAGE_STANDARD = "gnu++14";
				CLANG_CXX_LIBRARY = "libc++";
				CLANG_ENABLE_MODULES = YES;
				CLANG_ENABLE_OBJC_ARC = YES;
				CLANG_ENABLE_OBJC_WEAK = YES;
				CLANG_WARN_BLOCK_CAPTURE_AUTORELEASING = YES;
				CLANG_WARN_BOOL_CONVERSION = YES;
				CLANG_WARN_COMMA = YES;
				CLANG_WARN_CONSTANT_CONVERSION = YES;
				CLANG_WARN_DEPRECATED_OBJC_IMPLEMENTATIONS = YES;
				CLANG_WARN_DIRECT_OBJC_ISA_USAGE = YES_ERROR;
				CLANG_WARN_DOCUMENTATION_COMMENTS = YES;
				CLANG_WARN_EMPTY_BODY = YES;
				CLANG_WARN_ENUM_CONVERSION = YES;
				CLANG_WARN_INFINITE_RECURSION = YES;
				CLANG_WARN_INT_CONVERSION = YES;
				CLANG_WARN_NON_LITERAL_NULL_CONVERSION = YES;
				CLANG_WARN_OBJC_IMPLICIT_RETAIN_SELF = YES;
				CLANG_WARN_OBJC_LITERAL_CONVERSION = YES;
				CLANG_WARN_OBJC_ROOT_CLASS = YES_ERROR;
				CLANG_WARN_QUOTED_INCLUDE_IN_FRAMEWORK_HEADER = YES;
				CLANG_WARN_RANGE_LOOP_ANALYSIS = YES;
				CLANG_WARN_STRICT_PROTOTYPES = YES;
				CLANG_WARN_SUSPICIOUS_MOVE = YES;
				CLANG_WARN_UNGUARDED_AVAILABILITY = YES_AGGRESSIVE;
				CLANG_WARN_UNREACHABLE_CODE = YES;
				CLANG_WARN__DUPLICATE_METHOD_MATCH = YES;
				COPY_PHASE_STRIP = NO;
				DEBUG_INFORMATION_FORMAT = dwarf;
				ENABLE_STRICT_OBJC_MSGSEND = YES;
				ENABLE_TESTABILITY = YES;
				GCC_C_LANGUAGE_STANDARD = gnu11;
				GCC_DYNAMIC_NO_PIC = NO;
				GCC_NO_COMMON_BLOCKS = YES;
				GCC_OPTIMIZATION_LEVEL = 0;
				GCC_PREPROCESSOR_DEFINITIONS = (
					"DEBUG=1",
					"$(inherited)",
				);
				GCC_WARN_64_TO_32_BIT_CONVERSION = YES;
				GCC_WARN_ABOUT_RETURN_TYPE = YES_ERROR;
				GCC_WARN_UNDECLARED_SELECTOR = YES;
				GCC_WARN_UNINITIALIZED_AUTOS = YES_AGGRESSIVE;
				GCC_WARN_UNUSED_FUNCTION = YES;
				GCC_WARN_UNUSED_VARIABLE = YES;
				IPHONEOS_DEPLOYMENT_TARGET = 14.4;
				MTL_ENABLE_DEBUG_INFO = INCLUDE_SOURCE;
				MTL_FAST_MATH = YES;
				ONLY_ACTIVE_ARCH = YES;
				SDKROOT = iphoneos;
				SWIFT_ACTIVE_COMPILATION_CONDITIONS = DEBUG;
				SWIFT_OPTIMIZATION_LEVEL = "-Onone";
			};
			name = Debug;
		};
		6FF1B387260A29160095DE76 /* Release */ = {
			isa = XCBuildConfiguration;
			buildSettings = {
				ALWAYS_SEARCH_USER_PATHS = NO;
				CLANG_ANALYZER_NONNULL = YES;
				CLANG_ANALYZER_NUMBER_OBJECT_CONVERSION = YES_AGGRESSIVE;
				CLANG_CXX_LANGUAGE_STANDARD = "gnu++14";
				CLANG_CXX_LIBRARY = "libc++";
				CLANG_ENABLE_MODULES = YES;
				CLANG_ENABLE_OBJC_ARC = YES;
				CLANG_ENABLE_OBJC_WEAK = YES;
				CLANG_WARN_BLOCK_CAPTURE_AUTORELEASING = YES;
				CLANG_WARN_BOOL_CONVERSION = YES;
				CLANG_WARN_COMMA = YES;
				CLANG_WARN_CONSTANT_CONVERSION = YES;
				CLANG_WARN_DEPRECATED_OBJC_IMPLEMENTATIONS = YES;
				CLANG_WARN_DIRECT_OBJC_ISA_USAGE = YES_ERROR;
				CLANG_WARN_DOCUMENTATION_COMMENTS = YES;
				CLANG_WARN_EMPTY_BODY = YES;
				CLANG_WARN_ENUM_CONVERSION = YES;
				CLANG_WARN_INFINITE_RECURSION = YES;
				CLANG_WARN_INT_CONVERSION = YES;
				CLANG_WARN_NON_LITERAL_NULL_CONVERSION = YES;
				CLANG_WARN_OBJC_IMPLICIT_RETAIN_SELF = YES;
				CLANG_WARN_OBJC_LITERAL_CONVERSION = YES;
				CLANG_WARN_OBJC_ROOT_CLASS = YES_ERROR;
				CLANG_WARN_QUOTED_INCLUDE_IN_FRAMEWORK_HEADER = YES;
				CLANG_WARN_RANGE_LOOP_ANALYSIS = YES;
				CLANG_WARN_STRICT_PROTOTYPES = YES;
				CLANG_WARN_SUSPICIOUS_MOVE = YES;
				CLANG_WARN_UNGUARDED_AVAILABILITY = YES_AGGRESSIVE;
				CLANG_WARN_UNREACHABLE_CODE = YES;
				CLANG_WARN__DUPLICATE_METHOD_MATCH = YES;
				COPY_PHASE_STRIP = NO;
				DEBUG_INFORMATION_FORMAT = "dwarf-with-dsym";
				ENABLE_NS_ASSERTIONS = NO;
				ENABLE_STRICT_OBJC_MSGSEND = YES;
				GCC_C_LANGUAGE_STANDARD = gnu11;
				GCC_NO_COMMON_BLOCKS = YES;
				GCC_WARN_64_TO_32_BIT_CONVERSION = YES;
				GCC_WARN_ABOUT_RETURN_TYPE = YES_ERROR;
				GCC_WARN_UNDECLARED_SELECTOR = YES;
				GCC_WARN_UNINITIALIZED_AUTOS = YES_AGGRESSIVE;
				GCC_WARN_UNUSED_FUNCTION = YES;
				GCC_WARN_UNUSED_VARIABLE = YES;
				IPHONEOS_DEPLOYMENT_TARGET = 14.4;
				MTL_ENABLE_DEBUG_INFO = NO;
				MTL_FAST_MATH = YES;
				SDKROOT = iphoneos;
				SWIFT_COMPILATION_MODE = wholemodule;
				SWIFT_OPTIMIZATION_LEVEL = "-O";
				VALIDATE_PRODUCT = YES;
			};
			name = Release;
		};
		6FF1B389260A29160095DE76 /* Debug */ = {
			isa = XCBuildConfiguration;
			baseConfigurationReference = 5D5CE2DBED6F91EBF637D237 /* Pods-RestuarentApp.debug.xcconfig */;
			buildSettings = {
				ASSETCATALOG_COMPILER_APPICON_NAME = AppIcon;
				ASSETCATALOG_COMPILER_GLOBAL_ACCENT_COLOR_NAME = AccentColor;
				CODE_SIGN_STYLE = Automatic;
				DEVELOPMENT_TEAM = XPK7Q394MG;
				INFOPLIST_FILE = RestuarentApp/Info.plist;
				LD_RUNPATH_SEARCH_PATHS = (
					"$(inherited)",
					"@executable_path/Frameworks",
				);
				PRODUCT_BUNDLE_IDENTIFIER = com.RestuarentApp;
				PRODUCT_NAME = "$(TARGET_NAME)";
				SWIFT_VERSION = 5.0;
				TARGETED_DEVICE_FAMILY = "1,2";
			};
			name = Debug;
		};
		6FF1B38A260A29160095DE76 /* Release */ = {
			isa = XCBuildConfiguration;
			baseConfigurationReference = E5BA284D553B25C00315E891 /* Pods-RestuarentApp.release.xcconfig */;
			buildSettings = {
				ASSETCATALOG_COMPILER_APPICON_NAME = AppIcon;
				ASSETCATALOG_COMPILER_GLOBAL_ACCENT_COLOR_NAME = AccentColor;
				CODE_SIGN_STYLE = Automatic;
				DEVELOPMENT_TEAM = XPK7Q394MG;
				INFOPLIST_FILE = RestuarentApp/Info.plist;
				LD_RUNPATH_SEARCH_PATHS = (
					"$(inherited)",
					"@executable_path/Frameworks",
				);
				PRODUCT_BUNDLE_IDENTIFIER = com.RestuarentApp;
				PRODUCT_NAME = "$(TARGET_NAME)";
				SWIFT_VERSION = 5.0;
				TARGETED_DEVICE_FAMILY = "1,2";
			};
			name = Release;
		};
/* End XCBuildConfiguration section */

/* Begin XCConfigurationList section */
		6FF1B36F260A29110095DE76 /* Build configuration list for PBXProject "RestuarentApp" */ = {
			isa = XCConfigurationList;
			buildConfigurations = (
				6FF1B386260A29160095DE76 /* Debug */,
				6FF1B387260A29160095DE76 /* Release */,
			);
			defaultConfigurationIsVisible = 0;
			defaultConfigurationName = Release;
		};
		6FF1B388260A29160095DE76 /* Build configuration list for PBXNativeTarget "RestuarentApp" */ = {
			isa = XCConfigurationList;
			buildConfigurations = (
				6FF1B389260A29160095DE76 /* Debug */,
				6FF1B38A260A29160095DE76 /* Release */,
			);
			defaultConfigurationIsVisible = 0;
			defaultConfigurationName = Release;
		};
/* End XCConfigurationList section */
	};
	rootObject = 6FF1B36C260A29110095DE76 /* Project object */;
}
